// !$*UTF8*$!
{
	archiveVersion = 1;
	classes = {
	};
	objectVersion = 46;
	objects = {

/* Begin PBXBuildFile section */
		070EFEB5F876D628D0B35A0B /* Pods_FirstSwiftProject.framework in Frameworks */ = {isa = PBXBuildFile; fileRef = B21833606D1901E7CA23221F /* Pods_FirstSwiftProject.framework */; };
		5731D90E2062A16E001E06A8 /* AppDelegate.swift in Sources */ = {isa = PBXBuildFile; fileRef = 5731D90D2062A16E001E06A8 /* AppDelegate.swift */; };
		5731D9102062A16E001E06A8 /* ViewController.swift in Sources */ = {isa = PBXBuildFile; fileRef = 5731D90F2062A16E001E06A8 /* ViewController.swift */; };
		5731D9132062A16E001E06A8 /* Main.storyboard in Resources */ = {isa = PBXBuildFile; fileRef = 5731D9112062A16E001E06A8 /* Main.storyboard */; };
		5731D9152062A16E001E06A8 /* Assets.xcassets in Resources */ = {isa = PBXBuildFile; fileRef = 5731D9142062A16E001E06A8 /* Assets.xcassets */; };
		5731D9182062A16E001E06A8 /* LaunchScreen.storyboard in Resources */ = {isa = PBXBuildFile; fileRef = 5731D9162062A16E001E06A8 /* LaunchScreen.storyboard */; };
		5731D9232062A16E001E06A8 /* FirstSwiftProjectTests.swift in Sources */ = {isa = PBXBuildFile; fileRef = 5731D9222062A16E001E06A8 /* FirstSwiftProjectTests.swift */; };
		5731D92E2062A16E001E06A8 /* FirstSwiftProjectUITests.swift in Sources */ = {isa = PBXBuildFile; fileRef = 5731D92D2062A16E001E06A8 /* FirstSwiftProjectUITests.swift */; };
		5D82906A4160010AD019CF41 /* Pods_FirstSwiftProjectTests.framework in Frameworks */ = {isa = PBXBuildFile; fileRef = 2D7966A1C21ED6C09E224BED /* Pods_FirstSwiftProjectTests.framework */; };
		9335AD931BEFCD2FAD8E1FEB /* Pods_FirstSwiftProjectUITests.framework in Frameworks */ = {isa = PBXBuildFile; fileRef = 305DAF1CA2069AB41D5E9AC3 /* Pods_FirstSwiftProjectUITests.framework */; };
/* End PBXBuildFile section */

/* Begin PBXContainerItemProxy section */
		5731D91F2062A16E001E06A8 /* PBXContainerItemProxy */ = {
			isa = PBXContainerItemProxy;
			containerPortal = 5731D9022062A16E001E06A8 /* Project object */;
			proxyType = 1;
			remoteGlobalIDString = 5731D9092062A16E001E06A8;
			remoteInfo = FirstSwiftProject;
		};
		5731D92A2062A16E001E06A8 /* PBXContainerItemProxy */ = {
			isa = PBXContainerItemProxy;
			containerPortal = 5731D9022062A16E001E06A8 /* Project object */;
			proxyType = 1;
			remoteGlobalIDString = 5731D9092062A16E001E06A8;
			remoteInfo = FirstSwiftProject;
		};
/* End PBXContainerItemProxy section */

/* Begin PBXFileReference section */
		2D7966A1C21ED6C09E224BED /* Pods_FirstSwiftProjectTests.framework */ = {isa = PBXFileReference; explicitFileType = wrapper.framework; includeInIndex = 0; path = Pods_FirstSwiftProjectTests.framework; sourceTree = BUILT_PRODUCTS_DIR; };
		305DAF1CA2069AB41D5E9AC3 /* Pods_FirstSwiftProjectUITests.framework */ = {isa = PBXFileReference; explicitFileType = wrapper.framework; includeInIndex = 0; path = Pods_FirstSwiftProjectUITests.framework; sourceTree = BUILT_PRODUCTS_DIR; };
		33A2EAAA90BF199B5E7103D6 /* Pods-FirstSwiftProjectTests.debug.xcconfig */ = {isa = PBXFileReference; includeInIndex = 1; lastKnownFileType = text.xcconfig; name = "Pods-FirstSwiftProjectTests.debug.xcconfig"; path = "Pods/Target Support Files/Pods-FirstSwiftProjectTests/Pods-FirstSwiftProjectTests.debug.xcconfig"; sourceTree = "<group>"; };
		5731D90A2062A16E001E06A8 /* FirstSwiftProject.app */ = {isa = PBXFileReference; explicitFileType = wrapper.application; includeInIndex = 0; path = FirstSwiftProject.app; sourceTree = BUILT_PRODUCTS_DIR; };
		5731D90D2062A16E001E06A8 /* AppDelegate.swift */ = {isa = PBXFileReference; lastKnownFileType = sourcecode.swift; path = AppDelegate.swift; sourceTree = "<group>"; };
		5731D90F2062A16E001E06A8 /* ViewController.swift */ = {isa = PBXFileReference; lastKnownFileType = sourcecode.swift; path = ViewController.swift; sourceTree = "<group>"; };
		5731D9122062A16E001E06A8 /* Base */ = {isa = PBXFileReference; lastKnownFileType = file.storyboard; name = Base; path = Base.lproj/Main.storyboard; sourceTree = "<group>"; };
		5731D9142062A16E001E06A8 /* Assets.xcassets */ = {isa = PBXFileReference; lastKnownFileType = folder.assetcatalog; path = Assets.xcassets; sourceTree = "<group>"; };
		5731D9172062A16E001E06A8 /* Base */ = {isa = PBXFileReference; lastKnownFileType = file.storyboard; name = Base; path = Base.lproj/LaunchScreen.storyboard; sourceTree = "<group>"; };
		5731D9192062A16E001E06A8 /* Info.plist */ = {isa = PBXFileReference; lastKnownFileType = text.plist.xml; path = Info.plist; sourceTree = "<group>"; };
		5731D91E2062A16E001E06A8 /* FirstSwiftProjectTests.xctest */ = {isa = PBXFileReference; explicitFileType = wrapper.cfbundle; includeInIndex = 0; path = FirstSwiftProjectTests.xctest; sourceTree = BUILT_PRODUCTS_DIR; };
		5731D9222062A16E001E06A8 /* FirstSwiftProjectTests.swift */ = {isa = PBXFileReference; lastKnownFileType = sourcecode.swift; path = FirstSwiftProjectTests.swift; sourceTree = "<group>"; };
		5731D9242062A16E001E06A8 /* Info.plist */ = {isa = PBXFileReference; lastKnownFileType = text.plist.xml; path = Info.plist; sourceTree = "<group>"; };
		5731D9292062A16E001E06A8 /* FirstSwiftProjectUITests.xctest */ = {isa = PBXFileReference; explicitFileType = wrapper.cfbundle; includeInIndex = 0; path = FirstSwiftProjectUITests.xctest; sourceTree = BUILT_PRODUCTS_DIR; };
		5731D92D2062A16E001E06A8 /* FirstSwiftProjectUITests.swift */ = {isa = PBXFileReference; lastKnownFileType = sourcecode.swift; path = FirstSwiftProjectUITests.swift; sourceTree = "<group>"; };
		5731D92F2062A16E001E06A8 /* Info.plist */ = {isa = PBXFileReference; lastKnownFileType = text.plist.xml; path = Info.plist; sourceTree = "<group>"; };
		6A54511F920331EFB6B0C377 /* Pods-FirstSwiftProject.release.xcconfig */ = {isa = PBXFileReference; includeInIndex = 1; lastKnownFileType = text.xcconfig; name = "Pods-FirstSwiftProject.release.xcconfig"; path = "Pods/Target Support Files/Pods-FirstSwiftProject/Pods-FirstSwiftProject.release.xcconfig"; sourceTree = "<group>"; };
		A52EE9E0058EE2F13881C802 /* Pods-FirstSwiftProjectUITests.debug.xcconfig */ = {isa = PBXFileReference; includeInIndex = 1; lastKnownFileType = text.xcconfig; name = "Pods-FirstSwiftProjectUITests.debug.xcconfig"; path = "Pods/Target Support Files/Pods-FirstSwiftProjectUITests/Pods-FirstSwiftProjectUITests.debug.xcconfig"; sourceTree = "<group>"; };
		B21833606D1901E7CA23221F /* Pods_FirstSwiftProject.framework */ = {isa = PBXFileReference; explicitFileType = wrapper.framework; includeInIndex = 0; path = Pods_FirstSwiftProject.framework; sourceTree = BUILT_PRODUCTS_DIR; };
		B46B8BF94E0528E0CF83A51B /* Pods-FirstSwiftProjectTests.release.xcconfig */ = {isa = PBXFileReference; includeInIndex = 1; lastKnownFileType = text.xcconfig; name = "Pods-FirstSwiftProjectTests.release.xcconfig"; path = "Pods/Target Support Files/Pods-FirstSwiftProjectTests/Pods-FirstSwiftProjectTests.release.xcconfig"; sourceTree = "<group>"; };
		E463AABF4AAAE4C355841C26 /* Pods-FirstSwiftProjectUITests.release.xcconfig */ = {isa = PBXFileReference; includeInIndex = 1; lastKnownFileType = text.xcconfig; name = "Pods-FirstSwiftProjectUITests.release.xcconfig"; path = "Pods/Target Support Files/Pods-FirstSwiftProjectUITests/Pods-FirstSwiftProjectUITests.release.xcconfig"; sourceTree = "<group>"; };
		E47B0025A2EF7CFEF1C2C2C4 /* Pods-FirstSwiftProject.debug.xcconfig */ = {isa = PBXFileReference; includeInIndex = 1; lastKnownFileType = text.xcconfig; name = "Pods-FirstSwiftProject.debug.xcconfig"; path = "Pods/Target Support Files/Pods-FirstSwiftProject/Pods-FirstSwiftProject.debug.xcconfig"; sourceTree = "<group>"; };
/* End PBXFileReference section */

/* Begin PBXFrameworksBuildPhase section */
		5731D9072062A16E001E06A8 /* Frameworks */ = {
			isa = PBXFrameworksBuildPhase;
			buildActionMask = 2147483647;
			files = (
				070EFEB5F876D628D0B35A0B /* Pods_FirstSwiftProject.framework in Frameworks */,
			);
			runOnlyForDeploymentPostprocessing = 0;
		};
		5731D91B2062A16E001E06A8 /* Frameworks */ = {
			isa = PBXFrameworksBuildPhase;
			buildActionMask = 2147483647;
			files = (
				5D82906A4160010AD019CF41 /* Pods_FirstSwiftProjectTests.framework in Frameworks */,
			);
			runOnlyForDeploymentPostprocessing = 0;
		};
		5731D9262062A16E001E06A8 /* Frameworks */ = {
			isa = PBXFrameworksBuildPhase;
			buildActionMask = 2147483647;
			files = (
				9335AD931BEFCD2FAD8E1FEB /* Pods_FirstSwiftProjectUITests.framework in Frameworks */,
			);
			runOnlyForDeploymentPostprocessing = 0;
		};
/* End PBXFrameworksBuildPhase section */

/* Begin PBXGroup section */
		5731D9012062A16E001E06A8 = {
			isa = PBXGroup;
			children = (
				5731D90C2062A16E001E06A8 /* FirstSwiftProject */,
				5731D9212062A16E001E06A8 /* FirstSwiftProjectTests */,
				5731D92C2062A16E001E06A8 /* FirstSwiftProjectUITests */,
				5731D90B2062A16E001E06A8 /* Products */,
				6585CD128947AB082B56A210 /* Pods */,
				9575E09611F81D3CCD12ECEC /* Frameworks */,
			);
			sourceTree = "<group>";
		};
		5731D90B2062A16E001E06A8 /* Products */ = {
			isa = PBXGroup;
			children = (
				5731D90A2062A16E001E06A8 /* FirstSwiftProject.app */,
				5731D91E2062A16E001E06A8 /* FirstSwiftProjectTests.xctest */,
				5731D9292062A16E001E06A8 /* FirstSwiftProjectUITests.xctest */,
			);
			name = Products;
			sourceTree = "<group>";
		};
		5731D90C2062A16E001E06A8 /* FirstSwiftProject */ = {
			isa = PBXGroup;
			children = (
				5731D90D2062A16E001E06A8 /* AppDelegate.swift */,
				5731D90F2062A16E001E06A8 /* ViewController.swift */,
				5731D9112062A16E001E06A8 /* Main.storyboard */,
				5731D9142062A16E001E06A8 /* Assets.xcassets */,
				5731D9162062A16E001E06A8 /* LaunchScreen.storyboard */,
				5731D9192062A16E001E06A8 /* Info.plist */,
			);
			path = FirstSwiftProject;
			sourceTree = "<group>";
		};
		5731D9212062A16E001E06A8 /* FirstSwiftProjectTests */ = {
			isa = PBXGroup;
			children = (
				5731D9222062A16E001E06A8 /* FirstSwiftProjectTests.swift */,
				5731D9242062A16E001E06A8 /* Info.plist */,
			);
			path = FirstSwiftProjectTests;
			sourceTree = "<group>";
		};
		5731D92C2062A16E001E06A8 /* FirstSwiftProjectUITests */ = {
			isa = PBXGroup;
			children = (
				5731D92D2062A16E001E06A8 /* FirstSwiftProjectUITests.swift */,
				5731D92F2062A16E001E06A8 /* Info.plist */,
			);
			path = FirstSwiftProjectUITests;
			sourceTree = "<group>";
		};
		6585CD128947AB082B56A210 /* Pods */ = {
			isa = PBXGroup;
			children = (
				E47B0025A2EF7CFEF1C2C2C4 /* Pods-FirstSwiftProject.debug.xcconfig */,
				6A54511F920331EFB6B0C377 /* Pods-FirstSwiftProject.release.xcconfig */,
				33A2EAAA90BF199B5E7103D6 /* Pods-FirstSwiftProjectTests.debug.xcconfig */,
				B46B8BF94E0528E0CF83A51B /* Pods-FirstSwiftProjectTests.release.xcconfig */,
				A52EE9E0058EE2F13881C802 /* Pods-FirstSwiftProjectUITests.debug.xcconfig */,
				E463AABF4AAAE4C355841C26 /* Pods-FirstSwiftProjectUITests.release.xcconfig */,
			);
			name = Pods;
			sourceTree = "<group>";
		};
		9575E09611F81D3CCD12ECEC /* Frameworks */ = {
			isa = PBXGroup;
			children = (
				B21833606D1901E7CA23221F /* Pods_FirstSwiftProject.framework */,
				2D7966A1C21ED6C09E224BED /* Pods_FirstSwiftProjectTests.framework */,
				305DAF1CA2069AB41D5E9AC3 /* Pods_FirstSwiftProjectUITests.framework */,
			);
			name = Frameworks;
			sourceTree = "<group>";
		};
/* End PBXGroup section */

/* Begin PBXNativeTarget section */
		5731D9092062A16E001E06A8 /* FirstSwiftProject */ = {
			isa = PBXNativeTarget;
			buildConfigurationList = 5731D9322062A16E001E06A8 /* Build configuration list for PBXNativeTarget "FirstSwiftProject" */;
			buildPhases = (
				C8999914C0B1FD60E00A0CA9 /* [CP] Check Pods Manifest.lock */,
				5731D9062062A16E001E06A8 /* Sources */,
				5731D9072062A16E001E06A8 /* Frameworks */,
				5731D9082062A16E001E06A8 /* Resources */,
				103DFBCEA647E2894135A727 /* [CP] Embed Pods Frameworks */,
				12E973FC16A68DF48276D64A /* [CP] Copy Pods Resources */,
			);
			buildRules = (
			);
			dependencies = (
			);
			name = FirstSwiftProject;
			productName = FirstSwiftProject;
			productReference = 5731D90A2062A16E001E06A8 /* FirstSwiftProject.app */;
			productType = "com.apple.product-type.application";
		};
		5731D91D2062A16E001E06A8 /* FirstSwiftProjectTests */ = {
			isa = PBXNativeTarget;
			buildConfigurationList = 5731D9352062A16E001E06A8 /* Build configuration list for PBXNativeTarget "FirstSwiftProjectTests" */;
			buildPhases = (
				370FACCA82552477425B1254 /* [CP] Check Pods Manifest.lock */,
				5731D91A2062A16E001E06A8 /* Sources */,
				5731D91B2062A16E001E06A8 /* Frameworks */,
				5731D91C2062A16E001E06A8 /* Resources */,
				BD18BADC079D0FBEC35D0177 /* [CP] Embed Pods Frameworks */,
				113EB428C98953EF7ECB4F55 /* [CP] Copy Pods Resources */,
			);
			buildRules = (
			);
			dependencies = (
				5731D9202062A16E001E06A8 /* PBXTargetDependency */,
			);
			name = FirstSwiftProjectTests;
			productName = FirstSwiftProjectTests;
			productReference = 5731D91E2062A16E001E06A8 /* FirstSwiftProjectTests.xctest */;
			productType = "com.apple.product-type.bundle.unit-test";
		};
		5731D9282062A16E001E06A8 /* FirstSwiftProjectUITests */ = {
			isa = PBXNativeTarget;
			buildConfigurationList = 5731D9382062A16E001E06A8 /* Build configuration list for PBXNativeTarget "FirstSwiftProjectUITests" */;
			buildPhases = (
				CE88F924D8D9336E849E5FA9 /* [CP] Check Pods Manifest.lock */,
				5731D9252062A16E001E06A8 /* Sources */,
				5731D9262062A16E001E06A8 /* Frameworks */,
				5731D9272062A16E001E06A8 /* Resources */,
				7F37064E25AF7544D83C5523 /* [CP] Embed Pods Frameworks */,
				48FF02F55768309A7BB9C612 /* [CP] Copy Pods Resources */,
			);
			buildRules = (
			);
			dependencies = (
				5731D92B2062A16E001E06A8 /* PBXTargetDependency */,
			);
			name = FirstSwiftProjectUITests;
			productName = FirstSwiftProjectUITests;
			productReference = 5731D9292062A16E001E06A8 /* FirstSwiftProjectUITests.xctest */;
			productType = "com.apple.product-type.bundle.ui-testing";
		};
/* End PBXNativeTarget section */

/* Begin PBXProject section */
		5731D9022062A16E001E06A8 /* Project object */ = {
			isa = PBXProject;
			attributes = {
				LastSwiftUpdateCheck = 0830;
				LastUpgradeCheck = 0830;
				ORGANIZATIONNAME = xxdd;
				TargetAttributes = {
					5731D9092062A16E001E06A8 = {
						CreatedOnToolsVersion = 8.3.2;
						DevelopmentTeam = 3JV6F9Z56H;
						ProvisioningStyle = Automatic;
					};
					5731D91D2062A16E001E06A8 = {
						CreatedOnToolsVersion = 8.3.2;
						DevelopmentTeam = 3JV6F9Z56H;
						ProvisioningStyle = Automatic;
						TestTargetID = 5731D9092062A16E001E06A8;
					};
					5731D9282062A16E001E06A8 = {
						CreatedOnToolsVersion = 8.3.2;
						DevelopmentTeam = 3JV6F9Z56H;
						ProvisioningStyle = Automatic;
						TestTargetID = 5731D9092062A16E001E06A8;
					};
				};
			};
			buildConfigurationList = 5731D9052062A16E001E06A8 /* Build configuration list for PBXProject "FirstSwiftProject" */;
			compatibilityVersion = "Xcode 3.2";
			developmentRegion = English;
			hasScannedForEncodings = 0;
			knownRegions = (
				en,
				Base,
			);
			mainGroup = 5731D9012062A16E001E06A8;
			productRefGroup = 5731D90B2062A16E001E06A8 /* Products */;
			projectDirPath = "";
			projectRoot = "";
			targets = (
				5731D9092062A16E001E06A8 /* FirstSwiftProject */,
				5731D91D2062A16E001E06A8 /* FirstSwiftProjectTests */,
				5731D9282062A16E001E06A8 /* FirstSwiftProjectUITests */,
			);
		};
/* End PBXProject section */

/* Begin PBXResourcesBuildPhase section */
		5731D9082062A16E001E06A8 /* Resources */ = {
			isa = PBXResourcesBuildPhase;
			buildActionMask = 2147483647;
			files = (
				5731D9182062A16E001E06A8 /* LaunchScreen.storyboard in Resources */,
				5731D9152062A16E001E06A8 /* Assets.xcassets in Resources */,
				5731D9132062A16E001E06A8 /* Main.storyboard in Resources */,
			);
			runOnlyForDeploymentPostprocessing = 0;
		};
		5731D91C2062A16E001E06A8 /* Resources */ = {
			isa = PBXResourcesBuildPhase;
			buildActionMask = 2147483647;
			files = (
			);
			runOnlyForDeploymentPostprocessing = 0;
		};
		5731D9272062A16E001E06A8 /* Resources */ = {
			isa = PBXResourcesBuildPhase;
			buildActionMask = 2147483647;
			files = (
			);
			runOnlyForDeploymentPostprocessing = 0;
		};
/* End PBXResourcesBuildPhase section */

/* Begin PBXShellScriptBuildPhase section */
		103DFBCEA647E2894135A727 /* [CP] Embed Pods Frameworks */ = {
			isa = PBXShellScriptBuildPhase;
			buildActionMask = 2147483647;
			files = (
			);
			inputPaths = (
			);
			name = "[CP] Embed Pods Frameworks";
			outputPaths = (
			);
			runOnlyForDeploymentPostprocessing = 0;
			shellPath = /bin/sh;
			shellScript = "\"${SRCROOT}/Pods/Target Support Files/Pods-FirstSwiftProject/Pods-FirstSwiftProject-frameworks.sh\"\n";
			showEnvVarsInLog = 0;
		};
		113EB428C98953EF7ECB4F55 /* [CP] Copy Pods Resources */ = {
			isa = PBXShellScriptBuildPhase;
			buildActionMask = 2147483647;
			files = (
			);
			inputPaths = (
			);
			name = "[CP] Copy Pods Resources";
			outputPaths = (
			);
			runOnlyForDeploymentPostprocessing = 0;
			shellPath = /bin/sh;
			shellScript = "\"${SRCROOT}/Pods/Target Support Files/Pods-FirstSwiftProjectTests/Pods-FirstSwiftProjectTests-resources.sh\"\n";
			showEnvVarsInLog = 0;
		};
		12E973FC16A68DF48276D64A /* [CP] Copy Pods Resources */ = {
			isa = PBXShellScriptBuildPhase;
			buildActionMask = 2147483647;
			files = (
			);
			inputPaths = (
			);
			name = "[CP] Copy Pods Resources";
			outputPaths = (
			);
			runOnlyForDeploymentPostprocessing = 0;
			shellPath = /bin/sh;
			shellScript = "\"${SRCROOT}/Pods/Target Support Files/Pods-FirstSwiftProject/Pods-FirstSwiftProject-resources.sh\"\n";
			showEnvVarsInLog = 0;
		};
		370FACCA82552477425B1254 /* [CP] Check Pods Manifest.lock */ = {
			isa = PBXShellScriptBuildPhase;
			buildActionMask = 2147483647;
			files = (
			);
			inputPaths = (
			);
			name = "[CP] Check Pods Manifest.lock";
			outputPaths = (
			);
			runOnlyForDeploymentPostprocessing = 0;
			shellPath = /bin/sh;
			shellScript = "diff \"${PODS_ROOT}/../Podfile.lock\" \"${PODS_ROOT}/Manifest.lock\" > /dev/null\nif [ $? != 0 ] ; then\n    # print error to STDERR\n    echo \"error: The sandbox is not in sync with the Podfile.lock. Run 'pod install' or update your CocoaPods installation.\" >&2\n    exit 1\nfi\n";
			showEnvVarsInLog = 0;
		};
		48FF02F55768309A7BB9C612 /* [CP] Copy Pods Resources */ = {
			isa = PBXShellScriptBuildPhase;
			buildActionMask = 2147483647;
			files = (
			);
			inputPaths = (
			);
			name = "[CP] Copy Pods Resources";
			outputPaths = (
			);
			runOnlyForDeploymentPostprocessing = 0;
			shellPath = /bin/sh;
			shellScript = "\"${SRCROOT}/Pods/Target Support Files/Pods-FirstSwiftProjectUITests/Pods-FirstSwiftProjectUITests-resources.sh\"\n";
			showEnvVarsInLog = 0;
		};
		7F37064E25AF7544D83C5523 /* [CP] Embed Pods Frameworks */ = {
			isa = PBXShellScriptBuildPhase;
			buildActionMask = 2147483647;
			files = (
			);
			inputPaths = (
			);
			name = "[CP] Embed Pods Frameworks";
			outputPaths = (
			);
			runOnlyForDeploymentPostprocessing = 0;
			shellPath = /bin/sh;
			shellScript = "\"${SRCROOT}/Pods/Target Support Files/Pods-FirstSwiftProjectUITests/Pods-FirstSwiftProjectUITests-frameworks.sh\"\n";
			showEnvVarsInLog = 0;
		};
		BD18BADC079D0FBEC35D0177 /* [CP] Embed Pods Frameworks */ = {
			isa = PBXShellScriptBuildPhase;
			buildActionMask = 2147483647;
			files = (
			);
			inputPaths = (
			);
			name = "[CP] Embed Pods Frameworks";
			outputPaths = (
			);
			runOnlyForDeploymentPostprocessing = 0;
			shellPath = /bin/sh;
			shellScript = "\"${SRCROOT}/Pods/Target Support Files/Pods-FirstSwiftProjectTests/Pods-FirstSwiftProjectTests-frameworks.sh\"\n";
			showEnvVarsInLog = 0;
		};
		C8999914C0B1FD60E00A0CA9 /* [CP] Check Pods Manifest.lock */ = {
			isa = PBXShellScriptBuildPhase;
			buildActionMask = 2147483647;
			files = (
			);
			inputPaths = (
			);
			name = "[CP] Check Pods Manifest.lock";
			outputPaths = (
			);
			runOnlyForDeploymentPostprocessing = 0;
			shellPath = /bin/sh;
			shellScript = "diff \"${PODS_ROOT}/../Podfile.lock\" \"${PODS_ROOT}/Manifest.lock\" > /dev/null\nif [ $? != 0 ] ; then\n    # print error to STDERR\n    echo \"error: The sandbox is not in sync with the Podfile.lock. Run 'pod install' or update your CocoaPods installation.\" >&2\n    exit 1\nfi\n";
			showEnvVarsInLog = 0;
		};
		CE88F924D8D9336E849E5FA9 /* [CP] Check Pods Manifest.lock */ = {
			isa = PBXShellScriptBuildPhase;
			buildActionMask = 2147483647;
			files = (
			);
			inputPaths = (
			);
			name = "[CP] Check Pods Manifest.lock";
			outputPaths = (
			);
			runOnlyForDeploymentPostprocessing = 0;
			shellPath = /bin/sh;
			shellScript = "diff \"${PODS_ROOT}/../Podfile.lock\" \"${PODS_ROOT}/Manifest.lock\" > /dev/null\nif [ $? != 0 ] ; then\n    # print error to STDERR\n    echo \"error: The sandbox is not in sync with the Podfile.lock. Run 'pod install' or update your CocoaPods installation.\" >&2\n    exit 1\nfi\n";
			showEnvVarsInLog = 0;
		};
/* End PBXShellScriptBuildPhase section */

/* Begin PBXSourcesBuildPhase section */
		5731D9062062A16E001E06A8 /* Sources */ = {
			isa = PBXSourcesBuildPhase;
			buildActionMask = 2147483647;
			files = (
				5731D9102062A16E001E06A8 /* ViewController.swift in Sources */,
				5731D90E2062A16E001E06A8 /* AppDelegate.swift in Sources */,
			);
			runOnlyForDeploymentPostprocessing = 0;
		};
		5731D91A2062A16E001E06A8 /* Sources */ = {
			isa = PBXSourcesBuildPhase;
			buildActionMask = 2147483647;
			files = (
				5731D9232062A16E001E06A8 /* FirstSwiftProjectTests.swift in Sources */,
			);
			runOnlyForDeploymentPostprocessing = 0;
		};
		5731D9252062A16E001E06A8 /* Sources */ = {
			isa = PBXSourcesBuildPhase;
			buildActionMask = 2147483647;
			files = (
				5731D92E2062A16E001E06A8 /* FirstSwiftProjectUITests.swift in Sources */,
			);
			runOnlyForDeploymentPostprocessing = 0;
		};
/* End PBXSourcesBuildPhase section */

/* Begin PBXTargetDependency section */
		5731D9202062A16E001E06A8 /* PBXTargetDependency */ = {
			isa = PBXTargetDependency;
			target = 5731D9092062A16E001E06A8 /* FirstSwiftProject */;
			targetProxy = 5731D91F2062A16E001E06A8 /* PBXContainerItemProxy */;
		};
		5731D92B2062A16E001E06A8 /* PBXTargetDependency */ = {
			isa = PBXTargetDependency;
			target = 5731D9092062A16E001E06A8 /* FirstSwiftProject */;
			targetProxy = 5731D92A2062A16E001E06A8 /* PBXContainerItemProxy */;
		};
/* End PBXTargetDependency section */

/* Begin PBXVariantGroup section */
		5731D9112062A16E001E06A8 /* Main.storyboard */ = {
			isa = PBXVariantGroup;
			children = (
				5731D9122062A16E001E06A8 /* Base */,
			);
			name = Main.storyboard;
			sourceTree = "<group>";
		};
		5731D9162062A16E001E06A8 /* LaunchScreen.storyboard */ = {
			isa = PBXVariantGroup;
			children = (
				5731D9172062A16E001E06A8 /* Base */,
			);
			name = LaunchScreen.storyboard;
			sourceTree = "<group>";
		};
/* End PBXVariantGroup section */

/* Begin XCBuildConfiguration section */
		5731D9302062A16E001E06A8 /* Debug */ = {
			isa = XCBuildConfiguration;
			buildSettings = {
				ALWAYS_SEARCH_USER_PATHS = NO;
				CLANG_ANALYZER_NONNULL = YES;
				CLANG_ANALYZER_NUMBER_OBJECT_CONVERSION = YES_AGGRESSIVE;
				CLANG_CXX_LANGUAGE_STANDARD = "gnu++0x";
				CLANG_CXX_LIBRARY = "libc++";
				CLANG_ENABLE_MODULES = YES;
				CLANG_ENABLE_OBJC_ARC = YES;
				CLANG_WARN_BOOL_CONVERSION = YES;
				CLANG_WARN_CONSTANT_CONVERSION = YES;
				CLANG_WARN_DIRECT_OBJC_ISA_USAGE = YES_ERROR;
				CLANG_WARN_DOCUMENTATION_COMMENTS = YES;
				CLANG_WARN_EMPTY_BODY = YES;
				CLANG_WARN_ENUM_CONVERSION = YES;
				CLANG_WARN_INFINITE_RECURSION = YES;
				CLANG_WARN_INT_CONVERSION = YES;
				CLANG_WARN_OBJC_ROOT_CLASS = YES_ERROR;
				CLANG_WARN_SUSPICIOUS_MOVE = YES;
				CLANG_WARN_UNREACHABLE_CODE = YES;
				CLANG_WARN__DUPLICATE_METHOD_MATCH = YES;
				"CODE_SIGN_IDENTITY[sdk=iphoneos*]" = "iPhone Developer";
				COPY_PHASE_STRIP = NO;
				DEBUG_INFORMATION_FORMAT = dwarf;
				ENABLE_STRICT_OBJC_MSGSEND = YES;
				ENABLE_TESTABILITY = YES;
				GCC_C_LANGUAGE_STANDARD = gnu99;
				GCC_DYNAMIC_NO_PIC = NO;
				GCC_NO_COMMON_BLOCKS = YES;
				GCC_OPTIMIZATION_LEVEL = 0;
				GCC_PREPROCESSOR_DEFINITIONS = (
					"DEBUG=1",
					"$(inherited)",
				);
				GCC_WARN_64_TO_32_BIT_CONVERSION = YES;
				GCC_WARN_ABOUT_RETURN_TYPE = YES_ERROR;
				GCC_WARN_UNDECLARED_SELECTOR = YES;
				GCC_WARN_UNINITIALIZED_AUTOS = YES_AGGRESSIVE;
				GCC_WARN_UNUSED_FUNCTION = YES;
				GCC_WARN_UNUSED_VARIABLE = YES;
				IPHONEOS_DEPLOYMENT_TARGET = 10.3;
				MTL_ENABLE_DEBUG_INFO = YES;
				ONLY_ACTIVE_ARCH = YES;
				SDKROOT = iphoneos;
				SWIFT_ACTIVE_COMPILATION_CONDITIONS = DEBUG;
				SWIFT_OPTIMIZATION_LEVEL = "-Onone";
				TARGETED_DEVICE_FAMILY = "1,2";
			};
			name = Debug;
		};
		5731D9312062A16E001E06A8 /* Release */ = {
			isa = XCBuildConfiguration;
			buildSettings = {
				ALWAYS_SEARCH_USER_PATHS = NO;
				CLANG_ANALYZER_NONNULL = YES;
				CLANG_ANALYZER_NUMBER_OBJECT_CONVERSION = YES_AGGRESSIVE;
				CLANG_CXX_LANGUAGE_STANDARD = "gnu++0x";
				CLANG_CXX_LIBRARY = "libc++";
				CLANG_ENABLE_MODULES = YES;
				CLANG_ENABLE_OBJC_ARC = YES;
				CLANG_WARN_BOOL_CONVERSION = YES;
				CLANG_WARN_CONSTANT_CONVERSION = YES;
				CLANG_WARN_DIRECT_OBJC_ISA_USAGE = YES_ERROR;
				CLANG_WARN_DOCUMENTATION_COMMENTS = YES;
				CLANG_WARN_EMPTY_BODY = YES;
				CLANG_WARN_ENUM_CONVERSION = YES;
				CLANG_WARN_INFINITE_RECURSION = YES;
				CLANG_WARN_INT_CONVERSION = YES;
				CLANG_WARN_OBJC_ROOT_CLASS = YES_ERROR;
				CLANG_WARN_SUSPICIOUS_MOVE = YES;
				CLANG_WARN_UNREACHABLE_CODE = YES;
				CLANG_WARN__DUPLICATE_METHOD_MATCH = YES;
				"CODE_SIGN_IDENTITY[sdk=iphoneos*]" = "iPhone Developer";
				COPY_PHASE_STRIP = NO;
				DEBUG_INFORMATION_FORMAT = "dwarf-with-dsym";
				ENABLE_NS_ASSERTIONS = NO;
				ENABLE_STRICT_OBJC_MSGSEND = YES;
				GCC_C_LANGUAGE_STANDARD = gnu99;
				GCC_NO_COMMON_BLOCKS = YES;
				GCC_WARN_64_TO_32_BIT_CONVERSION = YES;
				GCC_WARN_ABOUT_RETURN_TYPE = YES_ERROR;
				GCC_WARN_UNDECLARED_SELECTOR = YES;
				GCC_WARN_UNINITIALIZED_AUTOS = YES_AGGRESSIVE;
				GCC_WARN_UNUSED_FUNCTION = YES;
				GCC_WARN_UNUSED_VARIABLE = YES;
				IPHONEOS_DEPLOYMENT_TARGET = 10.3;
				MTL_ENABLE_DEBUG_INFO = NO;
				SDKROOT = iphoneos;
				SWIFT_OPTIMIZATION_LEVEL = "-Owholemodule";
				TARGETED_DEVICE_FAMILY = "1,2";
				VALIDATE_PRODUCT = YES;
			};
			name = Release;
		};
		5731D9332062A16E001E06A8 /* Debug */ = {
			isa = XCBuildConfiguration;
			baseConfigurationReference = E47B0025A2EF7CFEF1C2C2C4 /* Pods-FirstSwiftProject.debug.xcconfig */;
			buildSettings = {
				ASSETCATALOG_COMPILER_APPICON_NAME = AppIcon;
				DEVELOPMENT_TEAM = 3JV6F9Z56H;
				INFOPLIST_FILE = FirstSwiftProject/Info.plist;
				LD_RUNPATH_SEARCH_PATHS = "$(inherited) @executable_path/Frameworks";
				PRODUCT_BUNDLE_IDENTIFIER = com.xxdd.FirstSwiftProject;
				PRODUCT_NAME = "$(TARGET_NAME)";
				SWIFT_VERSION = 3.0;
			};
			name = Debug;
		};
		5731D9342062A16E001E06A8 /* Release */ = {
			isa = XCBuildConfiguration;
			baseConfigurationReference = 6A54511F920331EFB6B0C377 /* Pods-FirstSwiftProject.release.xcconfig */;
			buildSettings = {
				ASSETCATALOG_COMPILER_APPICON_NAME = AppIcon;
				DEVELOPMENT_TEAM = 3JV6F9Z56H;
				INFOPLIST_FILE = FirstSwiftProject/Info.plist;
				LD_RUNPATH_SEARCH_PATHS = "$(inherited) @executable_path/Frameworks";
				PRODUCT_BUNDLE_IDENTIFIER = com.xxdd.FirstSwiftProject;
				PRODUCT_NAME = "$(TARGET_NAME)";
				SWIFT_VERSION = 3.0;
			};
			name = Release;
		};
		5731D9362062A16E001E06A8 /* Debug */ = {
			isa = XCBuildConfiguration;
			baseConfigurationReference = 33A2EAAA90BF199B5E7103D6 /* Pods-FirstSwiftProjectTests.debug.xcconfig */;
			buildSettings = {
				ALWAYS_EMBED_SWIFT_STANDARD_LIBRARIES = YES;
				BUNDLE_LOADER = "$(TEST_HOST)";
				DEVELOPMENT_TEAM = 3JV6F9Z56H;
				INFOPLIST_FILE = FirstSwiftProjectTests/Info.plist;
				LD_RUNPATH_SEARCH_PATHS = "$(inherited) @executable_path/Frameworks @loader_path/Frameworks";
				PRODUCT_BUNDLE_IDENTIFIER = com.xxdd.FirstSwiftProjectTests;
				PRODUCT_NAME = "$(TARGET_NAME)";
				SWIFT_VERSION = 3.0;
				TEST_HOST = "$(BUILT_PRODUCTS_DIR)/FirstSwiftProject.app/FirstSwiftProject";
			};
			name = Debug;
		};
		5731D9372062A16E001E06A8 /* Release */ = {
			isa = XCBuildConfiguration;
			baseConfigurationReference = B46B8BF94E0528E0CF83A51B /* Pods-FirstSwiftProjectTests.release.xcconfig */;
			buildSettings = {
				ALWAYS_EMBED_SWIFT_STANDARD_LIBRARIES = YES;
				BUNDLE_LOADER = "$(TEST_HOST)";
				DEVELOPMENT_TEAM = 3JV6F9Z56H;
				INFOPLIST_FILE = FirstSwiftProjectTests/Info.plist;
				LD_RUNPATH_SEARCH_PATHS = "$(inherited) @executable_path/Frameworks @loader_path/Frameworks";
				PRODUCT_BUNDLE_IDENTIFIER = com.xxdd.FirstSwiftProjectTests;
				PRODUCT_NAME = "$(TARGET_NAME)";
				SWIFT_VERSION = 3.0;
				TEST_HOST = "$(BUILT_PRODUCTS_DIR)/FirstSwiftProject.app/FirstSwiftProject";
			};
			name = Release;
		};
		5731D9392062A16E001E06A8 /* Debug */ = {
			isa = XCBuildConfiguration;
			baseConfigurationReference = A52EE9E0058EE2F13881C802 /* Pods-FirstSwiftProjectUITests.debug.xcconfig */;
			buildSettings = {
				ALWAYS_EMBED_SWIFT_STANDARD_LIBRARIES = YES;
				DEVELOPMENT_TEAM = 3JV6F9Z56H;
				INFOPLIST_FILE = FirstSwiftProjectUITests/Info.plist;
				LD_RUNPATH_SEARCH_PATHS = "$(inherited) @executable_path/Frameworks @loader_path/Frameworks";
				PRODUCT_BUNDLE_IDENTIFIER = com.xxdd.FirstSwiftProjectUITests;
				PRODUCT_NAME = "$(TARGET_NAME)";
				SWIFT_VERSION = 3.0;
				TEST_TARGET_NAME = FirstSwiftProject;
			};
			name = Debug;
		};
		5731D93A2062A16E001E06A8 /* Release */ = {
			isa = XCBuildConfiguration;
			baseConfigurationReference = E463AABF4AAAE4C355841C26 /* Pods-FirstSwiftProjectUITests.release.xcconfig */;
			buildSettings = {
				ALWAYS_EMBED_SWIFT_STANDARD_LIBRARIES = YES;
				DEVELOPMENT_TEAM = 3JV6F9Z56H;
				INFOPLIST_FILE = FirstSwiftProjectUITests/Info.plist;
				LD_RUNPATH_SEARCH_PATHS = "$(inherited) @executable_path/Frameworks @loader_path/Frameworks";
				PRODUCT_BUNDLE_IDENTIFIER = com.xxdd.FirstSwiftProjectUITests;
				PRODUCT_NAME = "$(TARGET_NAME)";
				SWIFT_VERSION = 3.0;
				TEST_TARGET_NAME = FirstSwiftProject;
			};
			name = Release;
		};
/* End XCBuildConfiguration section */

/* Begin XCConfigurationList section */
		5731D9052062A16E001E06A8 /* Build configuration list for PBXProject "FirstSwiftProject" */ = {
			isa = XCConfigurationList;
			buildConfigurations = (
				5731D9302062A16E001E06A8 /* Debug */,
				5731D9312062A16E001E06A8 /* Release */,
			);
			defaultConfigurationIsVisible = 0;
			defaultConfigurationName = Release;
		};
		5731D9322062A16E001E06A8 /* Build configuration list for PBXNativeTarget "FirstSwiftProject" */ = {
			isa = XCConfigurationList;
			buildConfigurations = (
				5731D9332062A16E001E06A8 /* Debug */,
				5731D9342062A16E001E06A8 /* Release */,
			);
			defaultConfigurationIsVisible = 0;
		};
		5731D9352062A16E001E06A8 /* Build configuration list for PBXNativeTarget "FirstSwiftProjectTests" */ = {
			isa = XCConfigurationList;
			buildConfigurations = (
				5731D9362062A16E001E06A8 /* Debug */,
				5731D9372062A16E001E06A8 /* Release */,
			);
			defaultConfigurationIsVisible = 0;
		};
		5731D9382062A16E001E06A8 /* Build configuration list for PBXNativeTarget "FirstSwiftProjectUITests" */ = {
			isa = XCConfigurationList;
			buildConfigurations = (
				5731D9392062A16E001E06A8 /* Debug */,
				5731D93A2062A16E001E06A8 /* Release */,
			);
			defaultConfigurationIsVisible = 0;
		};
/* End XCConfigurationList section */
	};
	rootObject = 5731D9022062A16E001E06A8 /* Project object */;
}
